
Microsoft Visual Studio Solution File, Format Version 12.00
# Visual Studio 15
VisualStudioVersion = 15.0.26730.3
MinimumVisualStudioVersion = 10.0.40219.1
Project("{FAE04EC0-301F-11D3-BF4B-00C04F79EFBC}") = "InlineTestApp", "InlineTestApp\InlineTestApp.csproj", "{06F8AAFC-0F1A-444F-B83C-A09600C22D14}"
EndProject
Project("{FAE04EC0-301F-11D3-BF4B-00C04F79EFBC}") = "TestApp", "TestApp\TestApp.csproj", "{09CC30E4-7830-4CF4-A15E-0DB02BB84F17}"
EndProject
Project("{9A19103F-16F7-4668-BE54-9A1E7A4F7556}") = "TestAppCore", "TestAppCore\TestAppCore.csproj", "{34A44C85-C59E-414F-AA59-76C6A1F4B851}"
EndProject
Project("{9A19103F-16F7-4668-BE54-9A1E7A4F7556}") = "ConsoleDraw", "ConsoleDraw\ConsoleDraw.csproj", "{6BDA9A64-00C4-49DA-A92A-BDDB7CF081AA}"
EndProject
Global
	GlobalSection(SolutionConfigurationPlatforms) = preSolution
		Debug|Any CPU = Debug|Any CPU
		Release|Any CPU = Release|Any CPU
	EndGlobalSection
	GlobalSection(ProjectConfigurationPlatforms) = postSolution
		{06F8AAFC-0F1A-444F-B83C-A09600C22D14}.Debug|Any CPU.ActiveCfg = Debug|Any CPU
		{06F8AAFC-0F1A-444F-B83C-A09600C22D14}.Debug|Any CPU.Build.0 = Debug|Any CPU
		{06F8AAFC-0F1A-444F-B83C-A09600C22D14}.Release|Any CPU.ActiveCfg = Release|Any CPU
		{06F8AAFC-0F1A-444F-B83C-A09600C22D14}.Release|Any CPU.Build.0 = Release|Any CPU
		{09CC30E4-7830-4CF4-A15E-0DB02BB84F17}.Debug|Any CPU.ActiveCfg = Debug|Any CPU
		{09CC30E4-7830-4CF4-A15E-0DB02BB84F17}.Debug|Any CPU.Build.0 = Debug|Any CPU
		{09CC30E4-7830-4CF4-A15E-0DB02BB84F17}.Release|Any CPU.ActiveCfg = Release|Any CPU
		{09CC30E4-7830-4CF4-A15E-0DB02BB84F17}.Release|Any CPU.Build.0 = Release|Any CPU
		{34A44C85-C59E-414F-AA59-76C6A1F4B851}.Debug|Any CPU.ActiveCfg = Debug|Any CPU
		{34A44C85-C59E-414F-AA59-76C6A1F4B851}.Debug|Any CPU.Build.0 = Debug|Any CPU
		{34A44C85-C59E-414F-AA59-76C6A1F4B851}.Release|Any CPU.ActiveCfg = Release|Any CPU
		{34A44C85-C59E-414F-AA59-76C6A1F4B851}.Release|Any CPU.Build.0 = Release|Any CPU
		{6BDA9A64-00C4-49DA-A92A-BDDB7CF081AA}.Debug|Any CPU.ActiveCfg = Debug|Any CPU
		{6BDA9A64-00C4-49DA-A92A-BDDB7CF081AA}.Debug|Any CPU.Build.0 = Debug|Any CPU
		{6BDA9A64-00C4-49DA-A92A-BDDB7CF081AA}.Release|Any CPU.ActiveCfg = Release|Any CPU
		{6BDA9A64-00C4-49DA-A92A-BDDB7CF081AA}.Release|Any CPU.Build.0 = Release|Any CPU
	EndGlobalSection
	GlobalSection(SolutionProperties) = preSolution
		HideSolutionNode = FALSE
	EndGlobalSection
	GlobalSection(ExtensibilityGlobals) = postSolution
		SolutionGuid = {A2CC9091-31F8-47D8-999A-E002E00AA7A6}
	EndGlobalSection
EndGlobal
